PODS:
  - AGGameInternationalSDK (1.0.0)

DEPENDENCIES:
  - AGGameInternationalSDK (from `../`)

EXTERNAL SOURCES:
  AGGameInternationalSDK:
    :path: "../"

SPEC CHECKSUMS:
  AGGameInternationalSDK: 30cb95badac3ff32de8df71b67dc8f3bc5d1b22c

PODFILE CHECKSUM: 8d1eecfdda4133b52d625bd72c3ee975431505e1

COCOAPODS: 1.0.1
